
Microsoft Visual Studio Solution File, Format Version 12.00
# Visual Studio Version 17
VisualStudioVersion = 17.3.32811.315
MinimumVisualStudioVersion = 10.0.40219.1
Project("{FAE04EC0-301F-11D3-BF4B-00C04F79EFBC}") = "MVCproject", "MVCproject\MVCproject.csproj", "{CDA51607-48FD-4A4B-A9E9-337BD50556A4}"
EndProject
Project("{FAE04EC0-301F-11D3-BF4B-00C04F79EFBC}") = "MVCproject.Tests", "MVCproject.Tests\MVCproject.Tests.csproj", "{933D5C28-2C2C-4B61-8D17-78253CA476FB}"
EndProject
Global
	GlobalSection(SolutionConfigurationPlatforms) = preSolution
		Debug|Any CPU = Debug|Any CPU
		Release|Any CPU = Release|Any CPU
	EndGlobalSection
	GlobalSection(ProjectConfigurationPlatforms) = postSolution
		{CDA51607-48FD-4A4B-A9E9-337BD50556A4}.Debug|Any CPU.ActiveCfg = Debug|Any CPU
		{CDA51607-48FD-4A4B-A9E9-337BD50556A4}.Debug|Any CPU.Build.0 = Debug|Any CPU
		{CDA51607-48FD-4A4B-A9E9-337BD50556A4}.Release|Any CPU.ActiveCfg = Release|Any CPU
		{CDA51607-48FD-4A4B-A9E9-337BD50556A4}.Release|Any CPU.Build.0 = Release|Any CPU
		{933D5C28-2C2C-4B61-8D17-78253CA476FB}.Debug|Any CPU.ActiveCfg = Debug|Any CPU
		{933D5C28-2C2C-4B61-8D17-78253CA476FB}.Debug|Any CPU.Build.0 = Debug|Any CPU
		{933D5C28-2C2C-4B61-8D17-78253CA476FB}.Release|Any CPU.ActiveCfg = Release|Any CPU
		{933D5C28-2C2C-4B61-8D17-78253CA476FB}.Release|Any CPU.Build.0 = Release|Any CPU
	EndGlobalSection
	GlobalSection(SolutionProperties) = preSolution
		HideSolutionNode = FALSE
	EndGlobalSection
	GlobalSection(ExtensibilityGlobals) = postSolution
		SolutionGuid = {A8841EB2-B246-48B9-B289-E47FE1D6286C}
	EndGlobalSection
EndGlobal
